
Microsoft Visual Studio Solution File, Format Version 12.00
# Visual Studio Version 17
VisualStudioVersion = 17.14.36623.8
MinimumVisualStudioVersion = 10.0.40219.1
Project("{FAE04EC0-301F-11D3-BF4B-00C04F79EFBC}") = "UrlShortener.MVC", "UrlShortener.MVC\UrlShortener.MVC.csproj", "{14A4AB63-92F3-4950-AC0A-FB3BF00055A6}"
EndProject
Project("{FAE04EC0-301F-11D3-BF4B-00C04F79EFBC}") = "UrlShortener.Services", "UrlShortenerServices\UrlShortener.Services.csproj", "{8B1A50DD-18EE-43C2-A772-9D474BFCC8EE}"
EndProject
Global
	GlobalSection(SolutionConfigurationPlatforms) = preSolution
		Debug|Any CPU = Debug|Any CPU
		Release|Any CPU = Release|Any CPU
	EndGlobalSection
	GlobalSection(ProjectConfigurationPlatforms) = postSolution
		{14A4AB63-92F3-4950-AC0A-FB3BF00055A6}.Debug|Any CPU.ActiveCfg = Debug|Any CPU
		{14A4AB63-92F3-4950-AC0A-FB3BF00055A6}.Debug|Any CPU.Build.0 = Debug|Any CPU
		{14A4AB63-92F3-4950-AC0A-FB3BF00055A6}.Release|Any CPU.ActiveCfg = Release|Any CPU
		{14A4AB63-92F3-4950-AC0A-FB3BF00055A6}.Release|Any CPU.Build.0 = Release|Any CPU
		{8B1A50DD-18EE-43C2-A772-9D474BFCC8EE}.Debug|Any CPU.ActiveCfg = Debug|Any CPU
		{8B1A50DD-18EE-43C2-A772-9D474BFCC8EE}.Debug|Any CPU.Build.0 = Debug|Any CPU
		{8B1A50DD-18EE-43C2-A772-9D474BFCC8EE}.Release|Any CPU.ActiveCfg = Release|Any CPU
		{8B1A50DD-18EE-43C2-A772-9D474BFCC8EE}.Release|Any CPU.Build.0 = Release|Any CPU
	EndGlobalSection
	GlobalSection(SolutionProperties) = preSolution
		HideSolutionNode = FALSE
	EndGlobalSection
	GlobalSection(ExtensibilityGlobals) = postSolution
		SolutionGuid = {40103AAE-20D4-4513-9EF5-BF7701F47DA6}
	EndGlobalSection
EndGlobal
